
Microsoft Visual Studio Solution File, Format Version 12.00
# Visual Studio Version 16
VisualStudioVersion = 16.0.28922.388
MinimumVisualStudioVersion = 10.0.40219.1
Project("{FAE04EC0-301F-11D3-BF4B-00C04F79EFBC}") = "TTMobileClient.Android", "TTMobileClient\TTMobileClient.Android\TTMobileClient.Android.csproj", "{1154C0D4-B494-4F9F-8994-3795742AFF3C}"
EndProject
Project("{FAE04EC0-301F-11D3-BF4B-00C04F79EFBC}") = "TTMobileClient.iOS", "TTMobileClient\TTMobileClient.iOS\TTMobileClient.iOS.csproj", "{BA465D8C-5237-4916-B7CC-A589D90EA8A6}"
EndProject
Project("{FAE04EC0-301F-11D3-BF4B-00C04F79EFBC}") = "TTMobileClient.UWP", "TTMobileClient\TTMobileClient.UWP\TTMobileClient.UWP.csproj", "{D1EE1004-B82A-4C68-AFEB-E80532CE15E5}"
EndProject
Project("{9A19103F-16F7-4668-BE54-9A1E7A4F7556}") = "TTMobileClient.MobileAppService", "TTMobileClient\TTMobileClient.MobileAppService\TTMobileClient.MobileAppService.csproj", "{28B3B399-9B79-4641-9634-D72934D0E055}"
EndProject
Project("{9A19103F-16F7-4668-BE54-9A1E7A4F7556}") = "TTMobileClient", "TTMobileClient\TTMobileClient\TTMobileClient.csproj", "{347AE805-3143-4C29-BABB-24FE19E01228}"
EndProject
Project("{9A19103F-16F7-4668-BE54-9A1E7A4F7556}") = "TTMobileClient.Console", "TTMobileClient.Console\TTMobileClient.Console.csproj", "{DE7B8002-FC5D-4315-A965-E1A72B06E9B7}"
EndProject
Project("{9A19103F-16F7-4668-BE54-9A1E7A4F7556}") = "RosClientLib", "RosClientLib\RosClientLib.csproj", "{445919BB-7853-41D9-807F-789E13EDBB20}"
EndProject
Project("{9A19103F-16F7-4668-BE54-9A1E7A4F7556}") = "AzureIotLib", "AzureIotLib\AzureIotLib.csproj", "{3D365B36-1FC8-403C-9A7D-0B999A578737}"
EndProject
Project("{9A19103F-16F7-4668-BE54-9A1E7A4F7556}") = "FaaUasLib", "FaaUasLib\FaaUasLib.csproj", "{FD06A0D9-05C5-4884-AD23-AE3595CF14A0}"
EndProject
Project("{9A19103F-16F7-4668-BE54-9A1E7A4F7556}") = "RosBridgeClientLibStd", "..\ros-sharp\Libraries\RosBridgeClientLibStd\RosBridgeClientLibStd.csproj", "{5622A710-DA3B-4720-9B75-2A6751F263D0}"
EndProject
Global
	GlobalSection(SolutionConfigurationPlatforms) = preSolution
		Debug|Any CPU = Debug|Any CPU
		Debug|ARM = Debug|ARM
		Debug|iPhone = Debug|iPhone
		Debug|iPhoneSimulator = Debug|iPhoneSimulator
		Debug|x64 = Debug|x64
		Debug|x86 = Debug|x86
		Release|Any CPU = Release|Any CPU
		Release|ARM = Release|ARM
		Release|iPhone = Release|iPhone
		Release|iPhoneSimulator = Release|iPhoneSimulator
		Release|x64 = Release|x64
		Release|x86 = Release|x86
	EndGlobalSection
	GlobalSection(ProjectConfigurationPlatforms) = postSolution
		{1154C0D4-B494-4F9F-8994-3795742AFF3C}.Debug|Any CPU.ActiveCfg = Debug|Any CPU
		{1154C0D4-B494-4F9F-8994-3795742AFF3C}.Debug|Any CPU.Build.0 = Debug|Any CPU
		{1154C0D4-B494-4F9F-8994-3795742AFF3C}.Debug|Any CPU.Deploy.0 = Debug|Any CPU
		{1154C0D4-B494-4F9F-8994-3795742AFF3C}.Debug|ARM.ActiveCfg = Debug|Any CPU
		{1154C0D4-B494-4F9F-8994-3795742AFF3C}.Debug|ARM.Build.0 = Debug|Any CPU
		{1154C0D4-B494-4F9F-8994-3795742AFF3C}.Debug|ARM.Deploy.0 = Debug|Any CPU
		{1154C0D4-B494-4F9F-8994-3795742AFF3C}.Debug|iPhone.ActiveCfg = Debug|Any CPU
		{1154C0D4-B494-4F9F-8994-3795742AFF3C}.Debug|iPhone.Build.0 = Debug|Any CPU
		{1154C0D4-B494-4F9F-8994-3795742AFF3C}.Debug|iPhone.Deploy.0 = Debug|Any CPU
		{1154C0D4-B494-4F9F-8994-3795742AFF3C}.Debug|iPhoneSimulator.ActiveCfg = Debug|Any CPU
		{1154C0D4-B494-4F9F-8994-3795742AFF3C}.Debug|iPhoneSimulator.Build.0 = Debug|Any CPU
		{1154C0D4-B494-4F9F-8994-3795742AFF3C}.Debug|iPhoneSimulator.Deploy.0 = Debug|Any CPU
		{1154C0D4-B494-4F9F-8994-3795742AFF3C}.Debug|x64.ActiveCfg = Debug|Any CPU
		{1154C0D4-B494-4F9F-8994-3795742AFF3C}.Debug|x64.Build.0 = Debug|Any CPU
		{1154C0D4-B494-4F9F-8994-3795742AFF3C}.Debug|x64.Deploy.0 = Debug|Any CPU
		{1154C0D4-B494-4F9F-8994-3795742AFF3C}.Debug|x86.ActiveCfg = Debug|Any CPU
		{1154C0D4-B494-4F9F-8994-3795742AFF3C}.Debug|x86.Build.0 = Debug|Any CPU
		{1154C0D4-B494-4F9F-8994-3795742AFF3C}.Debug|x86.Deploy.0 = Debug|Any CPU
		{1154C0D4-B494-4F9F-8994-3795742AFF3C}.Release|Any CPU.ActiveCfg = Release|Any CPU
		{1154C0D4-B494-4F9F-8994-3795742AFF3C}.Release|Any CPU.Build.0 = Release|Any CPU
		{1154C0D4-B494-4F9F-8994-3795742AFF3C}.Release|Any CPU.Deploy.0 = Release|Any CPU
		{1154C0D4-B494-4F9F-8994-3795742AFF3C}.Release|ARM.ActiveCfg = Release|Any CPU
		{1154C0D4-B494-4F9F-8994-3795742AFF3C}.Release|ARM.Build.0 = Release|Any CPU
		{1154C0D4-B494-4F9F-8994-3795742AFF3C}.Release|ARM.Deploy.0 = Release|Any CPU
		{1154C0D4-B494-4F9F-8994-3795742AFF3C}.Release|iPhone.ActiveCfg = Release|Any CPU
		{1154C0D4-B494-4F9F-8994-3795742AFF3C}.Release|iPhone.Build.0 = Release|Any CPU
		{1154C0D4-B494-4F9F-8994-3795742AFF3C}.Release|iPhone.Deploy.0 = Release|Any CPU
		{1154C0D4-B494-4F9F-8994-3795742AFF3C}.Release|iPhoneSimulator.ActiveCfg = Release|Any CPU
		{1154C0D4-B494-4F9F-8994-3795742AFF3C}.Release|iPhoneSimulator.Build.0 = Release|Any CPU
		{1154C0D4-B494-4F9F-8994-3795742AFF3C}.Release|iPhoneSimulator.Deploy.0 = Release|Any CPU
		{1154C0D4-B494-4F9F-8994-3795742AFF3C}.Release|x64.ActiveCfg = Release|Any CPU
		{1154C0D4-B494-4F9F-8994-3795742AFF3C}.Release|x64.Build.0 = Release|Any CPU
		{1154C0D4-B494-4F9F-8994-3795742AFF3C}.Release|x64.Deploy.0 = Release|Any CPU
		{1154C0D4-B494-4F9F-8994-3795742AFF3C}.Release|x86.ActiveCfg = Release|Any CPU
		{1154C0D4-B494-4F9F-8994-3795742AFF3C}.Release|x86.Build.0 = Release|Any CPU
		{1154C0D4-B494-4F9F-8994-3795742AFF3C}.Release|x86.Deploy.0 = Release|Any CPU
		{BA465D8C-5237-4916-B7CC-A589D90EA8A6}.Debug|Any CPU.ActiveCfg = Debug|iPhoneSimulator
		{BA465D8C-5237-4916-B7CC-A589D90EA8A6}.Debug|Any CPU.Build.0 = Debug|iPhoneSimulator
		{BA465D8C-5237-4916-B7CC-A589D90EA8A6}.Debug|Any CPU.Deploy.0 = Debug|iPhoneSimulator
		{BA465D8C-5237-4916-B7CC-A589D90EA8A6}.Debug|ARM.ActiveCfg = Debug|iPhone
		{BA465D8C-5237-4916-B7CC-A589D90EA8A6}.Debug|ARM.Build.0 = Debug|iPhone
		{BA465D8C-5237-4916-B7CC-A589D90EA8A6}.Debug|ARM.Deploy.0 = Debug|iPhone
		{BA465D8C-5237-4916-B7CC-A589D90EA8A6}.Debug|iPhone.ActiveCfg = Debug|iPhone
		{BA465D8C-5237-4916-B7CC-A589D90EA8A6}.Debug|iPhone.Build.0 = Debug|iPhone
		{BA465D8C-5237-4916-B7CC-A589D90EA8A6}.Debug|iPhone.Deploy.0 = Debug|iPhone
		{BA465D8C-5237-4916-B7CC-A589D90EA8A6}.Debug|iPhoneSimulator.ActiveCfg = Debug|iPhoneSimulator
		{BA465D8C-5237-4916-B7CC-A589D90EA8A6}.Debug|iPhoneSimulator.Build.0 = Debug|iPhoneSimulator
		{BA465D8C-5237-4916-B7CC-A589D90EA8A6}.Debug|iPhoneSimulator.Deploy.0 = Debug|iPhoneSimulator
		{BA465D8C-5237-4916-B7CC-A589D90EA8A6}.Debug|x64.ActiveCfg = Debug|iPhone
		{BA465D8C-5237-4916-B7CC-A589D90EA8A6}.Debug|x64.Build.0 = Debug|iPhone
		{BA465D8C-5237-4916-B7CC-A589D90EA8A6}.Debug|x64.Deploy.0 = Debug|iPhone
		{BA465D8C-5237-4916-B7CC-A589D90EA8A6}.Debug|x86.ActiveCfg = Debug|iPhone
		{BA465D8C-5237-4916-B7CC-A589D90EA8A6}.Debug|x86.Build.0 = Debug|iPhone
		{BA465D8C-5237-4916-B7CC-A589D90EA8A6}.Debug|x86.Deploy.0 = Debug|iPhone
		{BA465D8C-5237-4916-B7CC-A589D90EA8A6}.Release|Any CPU.ActiveCfg = Release|iPhone
		{BA465D8C-5237-4916-B7CC-A589D90EA8A6}.Release|Any CPU.Build.0 = Release|iPhone
		{BA465D8C-5237-4916-B7CC-A589D90EA8A6}.Release|Any CPU.Deploy.0 = Release|iPhone
		{BA465D8C-5237-4916-B7CC-A589D90EA8A6}.Release|ARM.ActiveCfg = Release|iPhone
		{BA465D8C-5237-4916-B7CC-A589D90EA8A6}.Release|ARM.Build.0 = Release|iPhone
		{BA465D8C-5237-4916-B7CC-A589D90EA8A6}.Release|ARM.Deploy.0 = Release|iPhone
		{BA465D8C-5237-4916-B7CC-A589D90EA8A6}.Release|iPhone.ActiveCfg = Release|iPhone
		{BA465D8C-5237-4916-B7CC-A589D90EA8A6}.Release|iPhone.Build.0 = Release|iPhone
		{BA465D8C-5237-4916-B7CC-A589D90EA8A6}.Release|iPhone.Deploy.0 = Release|iPhone
		{BA465D8C-5237-4916-B7CC-A589D90EA8A6}.Release|iPhoneSimulator.ActiveCfg = Release|iPhoneSimulator
		{BA465D8C-5237-4916-B7CC-A589D90EA8A6}.Release|iPhoneSimulator.Build.0 = Release|iPhoneSimulator
		{BA465D8C-5237-4916-B7CC-A589D90EA8A6}.Release|iPhoneSimulator.Deploy.0 = Release|iPhoneSimulator
		{BA465D8C-5237-4916-B7CC-A589D90EA8A6}.Release|x64.ActiveCfg = Release|iPhone
		{BA465D8C-5237-4916-B7CC-A589D90EA8A6}.Release|x64.Build.0 = Release|iPhone
		{BA465D8C-5237-4916-B7CC-A589D90EA8A6}.Release|x64.Deploy.0 = Release|iPhone
		{BA465D8C-5237-4916-B7CC-A589D90EA8A6}.Release|x86.ActiveCfg = Release|iPhone
		{BA465D8C-5237-4916-B7CC-A589D90EA8A6}.Release|x86.Build.0 = Release|iPhone
		{BA465D8C-5237-4916-B7CC-A589D90EA8A6}.Release|x86.Deploy.0 = Release|iPhone
		{D1EE1004-B82A-4C68-AFEB-E80532CE15E5}.Debug|Any CPU.ActiveCfg = Debug|x86
		{D1EE1004-B82A-4C68-AFEB-E80532CE15E5}.Debug|Any CPU.Build.0 = Debug|x86
		{D1EE1004-B82A-4C68-AFEB-E80532CE15E5}.Debug|Any CPU.Deploy.0 = Debug|x86
		{D1EE1004-B82A-4C68-AFEB-E80532CE15E5}.Debug|ARM.ActiveCfg = Debug|ARM
		{D1EE1004-B82A-4C68-AFEB-E80532CE15E5}.Debug|ARM.Build.0 = Debug|ARM
		{D1EE1004-B82A-4C68-AFEB-E80532CE15E5}.Debug|ARM.Deploy.0 = Debug|ARM
		{D1EE1004-B82A-4C68-AFEB-E80532CE15E5}.Debug|iPhone.ActiveCfg = Debug|x86
		{D1EE1004-B82A-4C68-AFEB-E80532CE15E5}.Debug|iPhone.Build.0 = Debug|x86
		{D1EE1004-B82A-4C68-AFEB-E80532CE15E5}.Debug|iPhone.Deploy.0 = Debug|x86
		{D1EE1004-B82A-4C68-AFEB-E80532CE15E5}.Debug|iPhoneSimulator.ActiveCfg = Debug|x86
		{D1EE1004-B82A-4C68-AFEB-E80532CE15E5}.Debug|iPhoneSimulator.Build.0 = Debug|x86
		{D1EE1004-B82A-4C68-AFEB-E80532CE15E5}.Debug|iPhoneSimulator.Deploy.0 = Debug|x86
		{D1EE1004-B82A-4C68-AFEB-E80532CE15E5}.Debug|x64.ActiveCfg = Debug|x64
		{D1EE1004-B82A-4C68-AFEB-E80532CE15E5}.Debug|x64.Build.0 = Debug|x64
		{D1EE1004-B82A-4C68-AFEB-E80532CE15E5}.Debug|x64.Deploy.0 = Debug|x64
		{D1EE1004-B82A-4C68-AFEB-E80532CE15E5}.Debug|x86.ActiveCfg = Debug|x86
		{D1EE1004-B82A-4C68-AFEB-E80532CE15E5}.Debug|x86.Build.0 = Debug|x86
		{D1EE1004-B82A-4C68-AFEB-E80532CE15E5}.Debug|x86.Deploy.0 = Debug|x86
		{D1EE1004-B82A-4C68-AFEB-E80532CE15E5}.Release|Any CPU.ActiveCfg = Release|x86
		{D1EE1004-B82A-4C68-AFEB-E80532CE15E5}.Release|Any CPU.Build.0 = Release|x86
		{D1EE1004-B82A-4C68-AFEB-E80532CE15E5}.Release|Any CPU.Deploy.0 = Release|x86
		{D1EE1004-B82A-4C68-AFEB-E80532CE15E5}.Release|ARM.ActiveCfg = Release|ARM
		{D1EE1004-B82A-4C68-AFEB-E80532CE15E5}.Release|ARM.Build.0 = Release|ARM
		{D1EE1004-B82A-4C68-AFEB-E80532CE15E5}.Release|ARM.Deploy.0 = Release|ARM
		{D1EE1004-B82A-4C68-AFEB-E80532CE15E5}.Release|iPhone.ActiveCfg = Release|x86
		{D1EE1004-B82A-4C68-AFEB-E80532CE15E5}.Release|iPhone.Build.0 = Release|x86
		{D1EE1004-B82A-4C68-AFEB-E80532CE15E5}.Release|iPhone.Deploy.0 = Release|x86
		{D1EE1004-B82A-4C68-AFEB-E80532CE15E5}.Release|iPhoneSimulator.ActiveCfg = Release|x86
		{D1EE1004-B82A-4C68-AFEB-E80532CE15E5}.Release|iPhoneSimulator.Build.0 = Release|x86
		{D1EE1004-B82A-4C68-AFEB-E80532CE15E5}.Release|iPhoneSimulator.Deploy.0 = Release|x86
		{D1EE1004-B82A-4C68-AFEB-E80532CE15E5}.Release|x64.ActiveCfg = Release|x64
		{D1EE1004-B82A-4C68-AFEB-E80532CE15E5}.Release|x64.Build.0 = Release|x64
		{D1EE1004-B82A-4C68-AFEB-E80532CE15E5}.Release|x64.Deploy.0 = Release|x64
		{D1EE1004-B82A-4C68-AFEB-E80532CE15E5}.Release|x86.ActiveCfg = Release|x86
		{D1EE1004-B82A-4C68-AFEB-E80532CE15E5}.Release|x86.Build.0 = Release|x86
		{D1EE1004-B82A-4C68-AFEB-E80532CE15E5}.Release|x86.Deploy.0 = Release|x86
		{28B3B399-9B79-4641-9634-D72934D0E055}.Debug|Any CPU.ActiveCfg = Debug|Any CPU
		{28B3B399-9B79-4641-9634-D72934D0E055}.Debug|Any CPU.Build.0 = Debug|Any CPU
		{28B3B399-9B79-4641-9634-D72934D0E055}.Debug|Any CPU.Deploy.0 = Debug|Any CPU
		{28B3B399-9B79-4641-9634-D72934D0E055}.Debug|ARM.ActiveCfg = Debug|Any CPU
		{28B3B399-9B79-4641-9634-D72934D0E055}.Debug|ARM.Build.0 = Debug|Any CPU
		{28B3B399-9B79-4641-9634-D72934D0E055}.Debug|ARM.Deploy.0 = Debug|Any CPU
		{28B3B399-9B79-4641-9634-D72934D0E055}.Debug|iPhone.ActiveCfg = Debug|Any CPU
		{28B3B399-9B79-4641-9634-D72934D0E055}.Debug|iPhone.Build.0 = Debug|Any CPU
		{28B3B399-9B79-4641-9634-D72934D0E055}.Debug|iPhone.Deploy.0 = Debug|Any CPU
		{28B3B399-9B79-4641-9634-D72934D0E055}.Debug|iPhoneSimulator.ActiveCfg = Debug|Any CPU
		{28B3B399-9B79-4641-9634-D72934D0E055}.Debug|iPhoneSimulator.Build.0 = Debug|Any CPU
		{28B3B399-9B79-4641-9634-D72934D0E055}.Debug|iPhoneSimulator.Deploy.0 = Debug|Any CPU
		{28B3B399-9B79-4641-9634-D72934D0E055}.Debug|x64.ActiveCfg = Debug|Any CPU
		{28B3B399-9B79-4641-9634-D72934D0E055}.Debug|x64.Build.0 = Debug|Any CPU
		{28B3B399-9B79-4641-9634-D72934D0E055}.Debug|x64.Deploy.0 = Debug|Any CPU
		{28B3B399-9B79-4641-9634-D72934D0E055}.Debug|x86.ActiveCfg = Debug|Any CPU
		{28B3B399-9B79-4641-9634-D72934D0E055}.Debug|x86.Build.0 = Debug|Any CPU
		{28B3B399-9B79-4641-9634-D72934D0E055}.Debug|x86.Deploy.0 = Debug|Any CPU
		{28B3B399-9B79-4641-9634-D72934D0E055}.Release|Any CPU.ActiveCfg = Release|Any CPU
		{28B3B399-9B79-4641-9634-D72934D0E055}.Release|Any CPU.Build.0 = Release|Any CPU
		{28B3B399-9B79-4641-9634-D72934D0E055}.Release|Any CPU.Deploy.0 = Release|Any CPU
		{28B3B399-9B79-4641-9634-D72934D0E055}.Release|ARM.ActiveCfg = Release|Any CPU
		{28B3B399-9B79-4641-9634-D72934D0E055}.Release|ARM.Build.0 = Release|Any CPU
		{28B3B399-9B79-4641-9634-D72934D0E055}.Release|ARM.Deploy.0 = Release|Any CPU
		{28B3B399-9B79-4641-9634-D72934D0E055}.Release|iPhone.ActiveCfg = Release|Any CPU
		{28B3B399-9B79-4641-9634-D72934D0E055}.Release|iPhone.Build.0 = Release|Any CPU
		{28B3B399-9B79-4641-9634-D72934D0E055}.Release|iPhone.Deploy.0 = Release|Any CPU
		{28B3B399-9B79-4641-9634-D72934D0E055}.Release|iPhoneSimulator.ActiveCfg = Release|Any CPU
		{28B3B399-9B79-4641-9634-D72934D0E055}.Release|iPhoneSimulator.Build.0 = Release|Any CPU
		{28B3B399-9B79-4641-9634-D72934D0E055}.Release|iPhoneSimulator.Deploy.0 = Release|Any CPU
		{28B3B399-9B79-4641-9634-D72934D0E055}.Release|x64.ActiveCfg = Release|Any CPU
		{28B3B399-9B79-4641-9634-D72934D0E055}.Release|x64.Build.0 = Release|Any CPU
		{28B3B399-9B79-4641-9634-D72934D0E055}.Release|x64.Deploy.0 = Release|Any CPU
		{28B3B399-9B79-4641-9634-D72934D0E055}.Release|x86.ActiveCfg = Release|Any CPU
		{28B3B399-9B79-4641-9634-D72934D0E055}.Release|x86.Build.0 = Release|Any CPU
		{28B3B399-9B79-4641-9634-D72934D0E055}.Release|x86.Deploy.0 = Release|Any CPU
		{347AE805-3143-4C29-BABB-24FE19E01228}.Debug|Any CPU.ActiveCfg = Debug|Any CPU
		{347AE805-3143-4C29-BABB-24FE19E01228}.Debug|Any CPU.Build.0 = Debug|Any CPU
		{347AE805-3143-4C29-BABB-24FE19E01228}.Debug|Any CPU.Deploy.0 = Debug|Any CPU
		{347AE805-3143-4C29-BABB-24FE19E01228}.Debug|ARM.ActiveCfg = Debug|Any CPU
		{347AE805-3143-4C29-BABB-24FE19E01228}.Debug|ARM.Build.0 = Debug|Any CPU
		{347AE805-3143-4C29-BABB-24FE19E01228}.Debug|ARM.Deploy.0 = Debug|Any CPU
		{347AE805-3143-4C29-BABB-24FE19E01228}.Debug|iPhone.ActiveCfg = Debug|Any CPU
		{347AE805-3143-4C29-BABB-24FE19E01228}.Debug|iPhone.Build.0 = Debug|Any CPU
		{347AE805-3143-4C29-BABB-24FE19E01228}.Debug|iPhone.Deploy.0 = Debug|Any CPU
		{347AE805-3143-4C29-BABB-24FE19E01228}.Debug|iPhoneSimulator.ActiveCfg = Debug|Any CPU
		{347AE805-3143-4C29-BABB-24FE19E01228}.Debug|iPhoneSimulator.Build.0 = Debug|Any CPU
		{347AE805-3143-4C29-BABB-24FE19E01228}.Debug|iPhoneSimulator.Deploy.0 = Debug|Any CPU
		{347AE805-3143-4C29-BABB-24FE19E01228}.Debug|x64.ActiveCfg = Debug|Any CPU
		{347AE805-3143-4C29-BABB-24FE19E01228}.Debug|x64.Build.0 = Debug|Any CPU
		{347AE805-3143-4C29-BABB-24FE19E01228}.Debug|x64.Deploy.0 = Debug|Any CPU
		{347AE805-3143-4C29-BABB-24FE19E01228}.Debug|x86.ActiveCfg = Debug|Any CPU
		{347AE805-3143-4C29-BABB-24FE19E01228}.Debug|x86.Build.0 = Debug|Any CPU
		{347AE805-3143-4C29-BABB-24FE19E01228}.Debug|x86.Deploy.0 = Debug|Any CPU
		{347AE805-3143-4C29-BABB-24FE19E01228}.Release|Any CPU.ActiveCfg = Release|Any CPU
		{347AE805-3143-4C29-BABB-24FE19E01228}.Release|Any CPU.Build.0 = Release|Any CPU
		{347AE805-3143-4C29-BABB-24FE19E01228}.Release|Any CPU.Deploy.0 = Release|Any CPU
		{347AE805-3143-4C29-BABB-24FE19E01228}.Release|ARM.ActiveCfg = Release|Any CPU
		{347AE805-3143-4C29-BABB-24FE19E01228}.Release|ARM.Build.0 = Release|Any CPU
		{347AE805-3143-4C29-BABB-24FE19E01228}.Release|ARM.Deploy.0 = Release|Any CPU
		{347AE805-3143-4C29-BABB-24FE19E01228}.Release|iPhone.ActiveCfg = Release|Any CPU
		{347AE805-3143-4C29-BABB-24FE19E01228}.Release|iPhone.Build.0 = Release|Any CPU
		{347AE805-3143-4C29-BABB-24FE19E01228}.Release|iPhone.Deploy.0 = Release|Any CPU
		{347AE805-3143-4C29-BABB-24FE19E01228}.Release|iPhoneSimulator.ActiveCfg = Release|Any CPU
		{347AE805-3143-4C29-BABB-24FE19E01228}.Release|iPhoneSimulator.Build.0 = Release|Any CPU
		{347AE805-3143-4C29-BABB-24FE19E01228}.Release|iPhoneSimulator.Deploy.0 = Release|Any CPU
		{347AE805-3143-4C29-BABB-24FE19E01228}.Release|x64.ActiveCfg = Release|Any CPU
		{347AE805-3143-4C29-BABB-24FE19E01228}.Release|x64.Build.0 = Release|Any CPU
		{347AE805-3143-4C29-BABB-24FE19E01228}.Release|x64.Deploy.0 = Release|Any CPU
		{347AE805-3143-4C29-BABB-24FE19E01228}.Release|x86.ActiveCfg = Release|Any CPU
		{347AE805-3143-4C29-BABB-24FE19E01228}.Release|x86.Build.0 = Release|Any CPU
		{347AE805-3143-4C29-BABB-24FE19E01228}.Release|x86.Deploy.0 = Release|Any CPU
		{DE7B8002-FC5D-4315-A965-E1A72B06E9B7}.Debug|Any CPU.ActiveCfg = Debug|Any CPU
		{DE7B8002-FC5D-4315-A965-E1A72B06E9B7}.Debug|Any CPU.Build.0 = Debug|Any CPU
		{DE7B8002-FC5D-4315-A965-E1A72B06E9B7}.Debug|ARM.ActiveCfg = Debug|Any CPU
		{DE7B8002-FC5D-4315-A965-E1A72B06E9B7}.Debug|ARM.Build.0 = Debug|Any CPU
		{DE7B8002-FC5D-4315-A965-E1A72B06E9B7}.Debug|iPhone.ActiveCfg = Debug|Any CPU
		{DE7B8002-FC5D-4315-A965-E1A72B06E9B7}.Debug|iPhone.Build.0 = Debug|Any CPU
		{DE7B8002-FC5D-4315-A965-E1A72B06E9B7}.Debug|iPhoneSimulator.ActiveCfg = Debug|Any CPU
		{DE7B8002-FC5D-4315-A965-E1A72B06E9B7}.Debug|iPhoneSimulator.Build.0 = Debug|Any CPU
		{DE7B8002-FC5D-4315-A965-E1A72B06E9B7}.Debug|x64.ActiveCfg = Debug|Any CPU
		{DE7B8002-FC5D-4315-A965-E1A72B06E9B7}.Debug|x64.Build.0 = Debug|Any CPU
		{DE7B8002-FC5D-4315-A965-E1A72B06E9B7}.Debug|x86.ActiveCfg = Debug|Any CPU
		{DE7B8002-FC5D-4315-A965-E1A72B06E9B7}.Debug|x86.Build.0 = Debug|Any CPU
		{DE7B8002-FC5D-4315-A965-E1A72B06E9B7}.Release|Any CPU.ActiveCfg = Release|Any CPU
		{DE7B8002-FC5D-4315-A965-E1A72B06E9B7}.Release|Any CPU.Build.0 = Release|Any CPU
		{DE7B8002-FC5D-4315-A965-E1A72B06E9B7}.Release|ARM.ActiveCfg = Release|Any CPU
		{DE7B8002-FC5D-4315-A965-E1A72B06E9B7}.Release|ARM.Build.0 = Release|Any CPU
		{DE7B8002-FC5D-4315-A965-E1A72B06E9B7}.Release|iPhone.ActiveCfg = Release|Any CPU
		{DE7B8002-FC5D-4315-A965-E1A72B06E9B7}.Release|iPhone.Build.0 = Release|Any CPU
		{DE7B8002-FC5D-4315-A965-E1A72B06E9B7}.Release|iPhoneSimulator.ActiveCfg = Release|Any CPU
		{DE7B8002-FC5D-4315-A965-E1A72B06E9B7}.Release|iPhoneSimulator.Build.0 = Release|Any CPU
		{DE7B8002-FC5D-4315-A965-E1A72B06E9B7}.Release|x64.ActiveCfg = Release|Any CPU
		{DE7B8002-FC5D-4315-A965-E1A72B06E9B7}.Release|x64.Build.0 = Release|Any CPU
		{DE7B8002-FC5D-4315-A965-E1A72B06E9B7}.Release|x86.ActiveCfg = Release|Any CPU
		{DE7B8002-FC5D-4315-A965-E1A72B06E9B7}.Release|x86.Build.0 = Release|Any CPU
		{445919BB-7853-41D9-807F-789E13EDBB20}.Debug|Any CPU.ActiveCfg = Debug|Any CPU
		{445919BB-7853-41D9-807F-789E13EDBB20}.Debug|Any CPU.Build.0 = Debug|Any CPU
		{445919BB-7853-41D9-807F-789E13EDBB20}.Debug|ARM.ActiveCfg = Debug|Any CPU
		{445919BB-7853-41D9-807F-789E13EDBB20}.Debug|ARM.Build.0 = Debug|Any CPU
		{445919BB-7853-41D9-807F-789E13EDBB20}.Debug|iPhone.ActiveCfg = Debug|Any CPU
		{445919BB-7853-41D9-807F-789E13EDBB20}.Debug|iPhone.Build.0 = Debug|Any CPU
		{445919BB-7853-41D9-807F-789E13EDBB20}.Debug|iPhoneSimulator.ActiveCfg = Debug|Any CPU
		{445919BB-7853-41D9-807F-789E13EDBB20}.Debug|iPhoneSimulator.Build.0 = Debug|Any CPU
		{445919BB-7853-41D9-807F-789E13EDBB20}.Debug|x64.ActiveCfg = Debug|Any CPU
		{445919BB-7853-41D9-807F-789E13EDBB20}.Debug|x64.Build.0 = Debug|Any CPU
		{445919BB-7853-41D9-807F-789E13EDBB20}.Debug|x86.ActiveCfg = Debug|Any CPU
		{445919BB-7853-41D9-807F-789E13EDBB20}.Debug|x86.Build.0 = Debug|Any CPU
		{445919BB-7853-41D9-807F-789E13EDBB20}.Release|Any CPU.ActiveCfg = Release|Any CPU
		{445919BB-7853-41D9-807F-789E13EDBB20}.Release|Any CPU.Build.0 = Release|Any CPU
		{445919BB-7853-41D9-807F-789E13EDBB20}.Release|ARM.ActiveCfg = Release|Any CPU
		{445919BB-7853-41D9-807F-789E13EDBB20}.Release|ARM.Build.0 = Release|Any CPU
		{445919BB-7853-41D9-807F-789E13EDBB20}.Release|iPhone.ActiveCfg = Release|Any CPU
		{445919BB-7853-41D9-807F-789E13EDBB20}.Release|iPhone.Build.0 = Release|Any CPU
		{445919BB-7853-41D9-807F-789E13EDBB20}.Release|iPhoneSimulator.ActiveCfg = Release|Any CPU
		{445919BB-7853-41D9-807F-789E13EDBB20}.Release|iPhoneSimulator.Build.0 = Release|Any CPU
		{445919BB-7853-41D9-807F-789E13EDBB20}.Release|x64.ActiveCfg = Release|Any CPU
		{445919BB-7853-41D9-807F-789E13EDBB20}.Release|x64.Build.0 = Release|Any CPU
		{445919BB-7853-41D9-807F-789E13EDBB20}.Release|x86.ActiveCfg = Release|Any CPU
		{445919BB-7853-41D9-807F-789E13EDBB20}.Release|x86.Build.0 = Release|Any CPU
		{3D365B36-1FC8-403C-9A7D-0B999A578737}.Debug|Any CPU.ActiveCfg = Debug|Any CPU
		{3D365B36-1FC8-403C-9A7D-0B999A578737}.Debug|Any CPU.Build.0 = Debug|Any CPU
		{3D365B36-1FC8-403C-9A7D-0B999A578737}.Debug|ARM.ActiveCfg = Debug|Any CPU
		{3D365B36-1FC8-403C-9A7D-0B999A578737}.Debug|ARM.Build.0 = Debug|Any CPU
		{3D365B36-1FC8-403C-9A7D-0B999A578737}.Debug|iPhone.ActiveCfg = Debug|Any CPU
		{3D365B36-1FC8-403C-9A7D-0B999A578737}.Debug|iPhone.Build.0 = Debug|Any CPU
		{3D365B36-1FC8-403C-9A7D-0B999A578737}.Debug|iPhoneSimulator.ActiveCfg = Debug|Any CPU
		{3D365B36-1FC8-403C-9A7D-0B999A578737}.Debug|iPhoneSimulator.Build.0 = Debug|Any CPU
		{3D365B36-1FC8-403C-9A7D-0B999A578737}.Debug|x64.ActiveCfg = Debug|Any CPU
		{3D365B36-1FC8-403C-9A7D-0B999A578737}.Debug|x64.Build.0 = Debug|Any CPU
		{3D365B36-1FC8-403C-9A7D-0B999A578737}.Debug|x86.ActiveCfg = Debug|Any CPU
		{3D365B36-1FC8-403C-9A7D-0B999A578737}.Debug|x86.Build.0 = Debug|Any CPU
		{3D365B36-1FC8-403C-9A7D-0B999A578737}.Release|Any CPU.ActiveCfg = Release|Any CPU
		{3D365B36-1FC8-403C-9A7D-0B999A578737}.Release|Any CPU.Build.0 = Release|Any CPU
		{3D365B36-1FC8-403C-9A7D-0B999A578737}.Release|ARM.ActiveCfg = Release|Any CPU
		{3D365B36-1FC8-403C-9A7D-0B999A578737}.Release|ARM.Build.0 = Release|Any CPU
		{3D365B36-1FC8-403C-9A7D-0B999A578737}.Release|iPhone.ActiveCfg = Release|Any CPU
		{3D365B36-1FC8-403C-9A7D-0B999A578737}.Release|iPhone.Build.0 = Release|Any CPU
		{3D365B36-1FC8-403C-9A7D-0B999A578737}.Release|iPhoneSimulator.ActiveCfg = Release|Any CPU
		{3D365B36-1FC8-403C-9A7D-0B999A578737}.Release|iPhoneSimulator.Build.0 = Release|Any CPU
		{3D365B36-1FC8-403C-9A7D-0B999A578737}.Release|x64.ActiveCfg = Release|Any CPU
		{3D365B36-1FC8-403C-9A7D-0B999A578737}.Release|x64.Build.0 = Release|Any CPU
		{3D365B36-1FC8-403C-9A7D-0B999A578737}.Release|x86.ActiveCfg = Release|Any CPU
		{3D365B36-1FC8-403C-9A7D-0B999A578737}.Release|x86.Build.0 = Release|Any CPU
		{FD06A0D9-05C5-4884-AD23-AE3595CF14A0}.Debug|Any CPU.ActiveCfg = Debug|Any CPU
		{FD06A0D9-05C5-4884-AD23-AE3595CF14A0}.Debug|Any CPU.Build.0 = Debug|Any CPU
		{FD06A0D9-05C5-4884-AD23-AE3595CF14A0}.Debug|ARM.ActiveCfg = Debug|Any CPU
		{FD06A0D9-05C5-4884-AD23-AE3595CF14A0}.Debug|ARM.Build.0 = Debug|Any CPU
		{FD06A0D9-05C5-4884-AD23-AE3595CF14A0}.Debug|iPhone.ActiveCfg = Debug|Any CPU
		{FD06A0D9-05C5-4884-AD23-AE3595CF14A0}.Debug|iPhone.Build.0 = Debug|Any CPU
		{FD06A0D9-05C5-4884-AD23-AE3595CF14A0}.Debug|iPhoneSimulator.ActiveCfg = Debug|Any CPU
		{FD06A0D9-05C5-4884-AD23-AE3595CF14A0}.Debug|iPhoneSimulator.Build.0 = Debug|Any CPU
		{FD06A0D9-05C5-4884-AD23-AE3595CF14A0}.Debug|x64.ActiveCfg = Debug|Any CPU
		{FD06A0D9-05C5-4884-AD23-AE3595CF14A0}.Debug|x64.Build.0 = Debug|Any CPU
		{FD06A0D9-05C5-4884-AD23-AE3595CF14A0}.Debug|x86.ActiveCfg = Debug|Any CPU
		{FD06A0D9-05C5-4884-AD23-AE3595CF14A0}.Debug|x86.Build.0 = Debug|Any CPU
		{FD06A0D9-05C5-4884-AD23-AE3595CF14A0}.Release|Any CPU.ActiveCfg = Release|Any CPU
		{FD06A0D9-05C5-4884-AD23-AE3595CF14A0}.Release|Any CPU.Build.0 = Release|Any CPU
		{FD06A0D9-05C5-4884-AD23-AE3595CF14A0}.Release|ARM.ActiveCfg = Release|Any CPU
		{FD06A0D9-05C5-4884-AD23-AE3595CF14A0}.Release|ARM.Build.0 = Release|Any CPU
		{FD06A0D9-05C5-4884-AD23-AE3595CF14A0}.Release|iPhone.ActiveCfg = Release|Any CPU
		{FD06A0D9-05C5-4884-AD23-AE3595CF14A0}.Release|iPhone.Build.0 = Release|Any CPU
		{FD06A0D9-05C5-4884-AD23-AE3595CF14A0}.Release|iPhoneSimulator.ActiveCfg = Release|Any CPU
		{FD06A0D9-05C5-4884-AD23-AE3595CF14A0}.Release|iPhoneSimulator.Build.0 = Release|Any CPU
		{FD06A0D9-05C5-4884-AD23-AE3595CF14A0}.Release|x64.ActiveCfg = Release|Any CPU
		{FD06A0D9-05C5-4884-AD23-AE3595CF14A0}.Release|x64.Build.0 = Release|Any CPU
		{FD06A0D9-05C5-4884-AD23-AE3595CF14A0}.Release|x86.ActiveCfg = Release|Any CPU
		{FD06A0D9-05C5-4884-AD23-AE3595CF14A0}.Release|x86.Build.0 = Release|Any CPU
		{5622A710-DA3B-4720-9B75-2A6751F263D0}.Debug|Any CPU.ActiveCfg = Debug|Any CPU
		{5622A710-DA3B-4720-9B75-2A6751F263D0}.Debug|Any CPU.Build.0 = Debug|Any CPU
		{5622A710-DA3B-4720-9B75-2A6751F263D0}.Debug|ARM.ActiveCfg = Debug|Any CPU
		{5622A710-DA3B-4720-9B75-2A6751F263D0}.Debug|ARM.Build.0 = Debug|Any CPU
		{5622A710-DA3B-4720-9B75-2A6751F263D0}.Debug|iPhone.ActiveCfg = Debug|Any CPU
		{5622A710-DA3B-4720-9B75-2A6751F263D0}.Debug|iPhone.Build.0 = Debug|Any CPU
		{5622A710-DA3B-4720-9B75-2A6751F263D0}.Debug|iPhoneSimulator.ActiveCfg = Debug|Any CPU
		{5622A710-DA3B-4720-9B75-2A6751F263D0}.Debug|iPhoneSimulator.Build.0 = Debug|Any CPU
		{5622A710-DA3B-4720-9B75-2A6751F263D0}.Debug|x64.ActiveCfg = Debug|Any CPU
		{5622A710-DA3B-4720-9B75-2A6751F263D0}.Debug|x64.Build.0 = Debug|Any CPU
		{5622A710-DA3B-4720-9B75-2A6751F263D0}.Debug|x86.ActiveCfg = Debug|Any CPU
		{5622A710-DA3B-4720-9B75-2A6751F263D0}.Debug|x86.Build.0 = Debug|Any CPU
		{5622A710-DA3B-4720-9B75-2A6751F263D0}.Release|Any CPU.ActiveCfg = Release|Any CPU
		{5622A710-DA3B-4720-9B75-2A6751F263D0}.Release|Any CPU.Build.0 = Release|Any CPU
		{5622A710-DA3B-4720-9B75-2A6751F263D0}.Release|ARM.ActiveCfg = Release|Any CPU
		{5622A710-DA3B-4720-9B75-2A6751F263D0}.Release|ARM.Build.0 = Release|Any CPU
		{5622A710-DA3B-4720-9B75-2A6751F263D0}.Release|iPhone.ActiveCfg = Release|Any CPU
		{5622A710-DA3B-4720-9B75-2A6751F263D0}.Release|iPhone.Build.0 = Release|Any CPU
		{5622A710-DA3B-4720-9B75-2A6751F263D0}.Release|iPhoneSimulator.ActiveCfg = Release|Any CPU
		{5622A710-DA3B-4720-9B75-2A6751F263D0}.Release|iPhoneSimulator.Build.0 = Release|Any CPU
		{5622A710-DA3B-4720-9B75-2A6751F263D0}.Release|x64.ActiveCfg = Release|Any CPU
		{5622A710-DA3B-4720-9B75-2A6751F263D0}.Release|x64.Build.0 = Release|Any CPU
		{5622A710-DA3B-4720-9B75-2A6751F263D0}.Release|x86.ActiveCfg = Release|Any CPU
		{5622A710-DA3B-4720-9B75-2A6751F263D0}.Release|x86.Build.0 = Release|Any CPU
	EndGlobalSection
	GlobalSection(SolutionProperties) = preSolution
		HideSolutionNode = FALSE
	EndGlobalSection
	GlobalSection(ExtensibilityGlobals) = postSolution
		SolutionGuid = {401400D1-0DB2-4C71-B9C2-FC0773839810}
	EndGlobalSection
EndGlobal
